{
    "version": 3,
    "terraform_version": "0.11.1",
    "serial": 2,
    "lineage": "b19ec93a-965c-414e-a63b-3a5f9b4d4d91",
    "modules": [
        {
            "path": [
                "root"
            ],
            "outputs": {},
            "resources": {
                "aws_internet_gateway.dev_gw": {
                    "type": "aws_internet_gateway",
                    "depends_on": [
                        "aws_vpc.dev_vpc"
                    ],
                    "primary": {
                        "id": "igw-a15d16c4",
                        "attributes": {
                            "id": "igw-a15d16c4",
                            "tags.%": "1",
                            "tags.Name": "InternetGateway",
                            "vpc_id": "vpc-793eb11d"
                        },
                        "meta": {},
                        "tainted": false
                    },
                    "deposed": [],
                    "provider": "provider.aws"
                },
                "aws_route.internet_access": {
                    "type": "aws_route",
                    "depends_on": [
                        "aws_internet_gateway.dev_gw",
                        "aws_vpc.dev_vpc"
                    ],
                    "primary": {
                        "id": "r-rtb-9caa6df81080289494",
                        "attributes": {
                            "destination_cidr_block": "0.0.0.0/0",
                            "destination_prefix_list_id": "",
                            "egress_only_gateway_id": "",
                            "gateway_id": "igw-a15d16c4",
                            "id": "r-rtb-9caa6df81080289494",
                            "instance_id": "",
                            "instance_owner_id": "",
                            "nat_gateway_id": "",
                            "network_interface_id": "",
                            "origin": "CreateRoute",
                            "route_table_id": "rtb-9caa6df8",
                            "state": "active",
                            "vpc_peering_connection_id": ""
                        },
                        "meta": {},
                        "tainted": false
                    },
                    "deposed": [],
                    "provider": "provider.aws"
                },
                "aws_security_group.dev_sec_group": {
                    "type": "aws_security_group",
                    "depends_on": [
                        "aws_vpc.dev_vpc"
                    ],
                    "primary": {
                        "id": "sg-c7dc90a3",
                        "attributes": {
                            "description": "Project security group that allows inbound and outbound traffic from all instances in the VPC",
                            "egress.#": "1",
                            "egress.2510676008.cidr_blocks.#": "1",
                            "egress.2510676008.cidr_blocks.0": "0.0.0.0/0",
                            "egress.2510676008.description": "",
                            "egress.2510676008.from_port": "0",
                            "egress.2510676008.ipv6_cidr_blocks.#": "0",
                            "egress.2510676008.prefix_list_ids.#": "0",
                            "egress.2510676008.protocol": "-1",
                            "egress.2510676008.security_groups.#": "0",
                            "egress.2510676008.self": "true",
                            "egress.2510676008.to_port": "0",
                            "id": "sg-c7dc90a3",
                            "ingress.#": "2",
                            "ingress.2510676008.cidr_blocks.#": "1",
                            "ingress.2510676008.cidr_blocks.0": "0.0.0.0/0",
                            "ingress.2510676008.description": "",
                            "ingress.2510676008.from_port": "0",
                            "ingress.2510676008.ipv6_cidr_blocks.#": "0",
                            "ingress.2510676008.protocol": "-1",
                            "ingress.2510676008.security_groups.#": "0",
                            "ingress.2510676008.self": "true",
                            "ingress.2510676008.to_port": "0",
                            "ingress.3494622668.cidr_blocks.#": "1",
                            "ingress.3494622668.cidr_blocks.0": "10.10.0.0/16",
                            "ingress.3494622668.description": "",
                            "ingress.3494622668.from_port": "-1",
                            "ingress.3494622668.ipv6_cidr_blocks.#": "0",
                            "ingress.3494622668.protocol": "icmp",
                            "ingress.3494622668.security_groups.#": "0",
                            "ingress.3494622668.self": "true",
                            "ingress.3494622668.to_port": "-1",
                            "name": "dev_sec_group",
                            "owner_id": "457498865421",
                            "revoke_rules_on_delete": "false",
                            "tags.%": "1",
                            "tags.Name": "devvpc",
                            "vpc_id": "vpc-793eb11d"
                        },
                        "meta": {
                            "schema_version": "1"
                        },
                        "tainted": false
                    },
                    "deposed": [],
                    "provider": "provider.aws"
                },
                "aws_subnet.dev_public_subnet": {
                    "type": "aws_subnet",
                    "depends_on": [
                        "aws_vpc.dev_vpc"
                    ],
                    "primary": {
                        "id": "subnet-fee6389a",
                        "attributes": {
                            "assign_ipv6_address_on_creation": "false",
                            "availability_zone": "cn-north-1a",
                            "cidr_block": "10.10.0.0/24",
                            "id": "subnet-fee6389a",
                            "map_public_ip_on_launch": "true",
                            "tags.%": "1",
                            "tags.Name": "\tdevsubnet",
                            "vpc_id": "vpc-793eb11d"
                        },
                        "meta": {
                            "schema_version": "1"
                        },
                        "tainted": false
                    },
                    "deposed": [],
                    "provider": "provider.aws"
                },
                "aws_vpc.dev_vpc": {
                    "type": "aws_vpc",
                    "depends_on": [],
                    "primary": {
                        "id": "vpc-793eb11d",
                        "attributes": {
                            "assign_generated_ipv6_cidr_block": "false",
                            "cidr_block": "10.10.0.0/16",
                            "default_network_acl_id": "acl-15c40171",
                            "default_route_table_id": "rtb-9caa6df8",
                            "default_security_group_id": "sg-cfdd91ab",
                            "dhcp_options_id": "dopt-b79084d2",
                            "enable_dns_hostnames": "true",
                            "enable_dns_support": "true",
                            "id": "vpc-793eb11d",
                            "instance_tenancy": "default",
                            "main_route_table_id": "rtb-9caa6df8",
                            "tags.%": "1",
                            "tags.Name": "devvpc"
                        },
                        "meta": {
                            "schema_version": "1"
                        },
                        "tainted": false
                    },
                    "deposed": [],
                    "provider": "provider.aws"
                }
            },
            "depends_on": []
        }
    ]
}
